
Microsoft Visual Studio Solution File, Format Version 12.00
# Visual Studio Version 17
VisualStudioVersion = 17.8.34322.80
MinimumVisualStudioVersion = 10.0.40219.1
Project("{9A19103F-16F7-4668-BE54-9A1E7A4F7556}") = "Day01", "Day01\Day01.csproj", "{A18C9250-1CAF-4C29-BEB6-25891B98363F}"
EndProject
Project("{9A19103F-16F7-4668-BE54-9A1E7A4F7556}") = "AoCUtils", "AoCUtils\AoCUtils.csproj", "{E9541528-8F71-4F9A-A4C6-31650652CA5B}"
EndProject
Project("{9A19103F-16F7-4668-BE54-9A1E7A4F7556}") = "Day02", "Day02\Day02.csproj", "{DB411FCF-DFA4-48E2-BB23-36865DAEC195}"
EndProject
Project("{9A19103F-16F7-4668-BE54-9A1E7A4F7556}") = "Day03", "Day03\Day03.csproj", "{4C3C4D32-FC04-4604-ADCE-40B5DEAEEE07}"
EndProject
Project("{9A19103F-16F7-4668-BE54-9A1E7A4F7556}") = "Day04", "Day04\Day04.csproj", "{5A6FACAD-16C8-4B24-AC85-B58D0BE5F76C}"
EndProject
Project("{9A19103F-16F7-4668-BE54-9A1E7A4F7556}") = "Day05", "Day05\Day05.csproj", "{BBFED95C-A8F6-4155-A935-C1C4033AD8C1}"
EndProject
Project("{9A19103F-16F7-4668-BE54-9A1E7A4F7556}") = "Day06", "Day06\Day06.csproj", "{647D965A-6F09-4A55-8D7E-43B5D029F024}"
EndProject
Project("{9A19103F-16F7-4668-BE54-9A1E7A4F7556}") = "Day07", "Day07\Day07.csproj", "{2E5FCE29-9D32-4DA4-9DDF-135764EA4095}"
EndProject
Project("{9A19103F-16F7-4668-BE54-9A1E7A4F7556}") = "Day08", "Day08\Day08.csproj", "{E122080D-8129-4EAA-B0B7-C5E098C96B91}"
EndProject
Project("{9A19103F-16F7-4668-BE54-9A1E7A4F7556}") = "Day09", "Day09\Day09.csproj", "{9B2C164F-C1C1-4C8B-A08C-24BAC13C2C54}"
EndProject
Project("{9A19103F-16F7-4668-BE54-9A1E7A4F7556}") = "Day10", "Day10\Day10.csproj", "{93B8B09D-FA6E-4694-9701-2F0AEE0234B3}"
EndProject
Project("{9A19103F-16F7-4668-BE54-9A1E7A4F7556}") = "Day11", "Day11\Day11.csproj", "{2C4B11CE-27C4-49CD-A639-BE12B6A04E71}"
EndProject
Project("{9A19103F-16F7-4668-BE54-9A1E7A4F7556}") = "Day12", "Day12\Day12.csproj", "{0DFE1967-07CC-4655-B63C-0DF95FCE201C}"
EndProject
Project("{9A19103F-16F7-4668-BE54-9A1E7A4F7556}") = "Day13", "Day13\Day13.csproj", "{EA6E5E9B-5CAB-47B0-B320-2E24744CBBCE}"
EndProject
Project("{9A19103F-16F7-4668-BE54-9A1E7A4F7556}") = "Day14", "Day14\Day14.csproj", "{6A31CAFB-5CBE-4E9E-B9A5-9E67BA43EFFF}"
EndProject
Project("{9A19103F-16F7-4668-BE54-9A1E7A4F7556}") = "Day15", "Day15\Day15.csproj", "{180AAA5D-EA5D-46B9-B2CC-92CA55E2B6E4}"
EndProject
Project("{9A19103F-16F7-4668-BE54-9A1E7A4F7556}") = "Day16", "Day16\Day16.csproj", "{610A0576-DC34-4D02-A646-7ADD59776345}"
EndProject
Project("{FAE04EC0-301F-11D3-BF4B-00C04F79EFBC}") = "Day17", "Day17\Day17.csproj", "{CCA7DD14-E78B-4221-A7F7-22D3888E66F1}"
EndProject
Global
	GlobalSection(SolutionConfigurationPlatforms) = preSolution
		Debug|Any CPU = Debug|Any CPU
		Release|Any CPU = Release|Any CPU
	EndGlobalSection
	GlobalSection(ProjectConfigurationPlatforms) = postSolution
		{A18C9250-1CAF-4C29-BEB6-25891B98363F}.Debug|Any CPU.ActiveCfg = Debug|Any CPU
		{A18C9250-1CAF-4C29-BEB6-25891B98363F}.Debug|Any CPU.Build.0 = Debug|Any CPU
		{A18C9250-1CAF-4C29-BEB6-25891B98363F}.Release|Any CPU.ActiveCfg = Release|Any CPU
		{A18C9250-1CAF-4C29-BEB6-25891B98363F}.Release|Any CPU.Build.0 = Release|Any CPU
		{E9541528-8F71-4F9A-A4C6-31650652CA5B}.Debug|Any CPU.ActiveCfg = Debug|Any CPU
		{E9541528-8F71-4F9A-A4C6-31650652CA5B}.Debug|Any CPU.Build.0 = Debug|Any CPU
		{E9541528-8F71-4F9A-A4C6-31650652CA5B}.Release|Any CPU.ActiveCfg = Release|Any CPU
		{E9541528-8F71-4F9A-A4C6-31650652CA5B}.Release|Any CPU.Build.0 = Release|Any CPU
		{DB411FCF-DFA4-48E2-BB23-36865DAEC195}.Debug|Any CPU.ActiveCfg = Debug|Any CPU
		{DB411FCF-DFA4-48E2-BB23-36865DAEC195}.Debug|Any CPU.Build.0 = Debug|Any CPU
		{DB411FCF-DFA4-48E2-BB23-36865DAEC195}.Release|Any CPU.ActiveCfg = Release|Any CPU
		{DB411FCF-DFA4-48E2-BB23-36865DAEC195}.Release|Any CPU.Build.0 = Release|Any CPU
		{4C3C4D32-FC04-4604-ADCE-40B5DEAEEE07}.Debug|Any CPU.ActiveCfg = Debug|Any CPU
		{4C3C4D32-FC04-4604-ADCE-40B5DEAEEE07}.Debug|Any CPU.Build.0 = Debug|Any CPU
		{4C3C4D32-FC04-4604-ADCE-40B5DEAEEE07}.Release|Any CPU.ActiveCfg = Release|Any CPU
		{4C3C4D32-FC04-4604-ADCE-40B5DEAEEE07}.Release|Any CPU.Build.0 = Release|Any CPU
		{5A6FACAD-16C8-4B24-AC85-B58D0BE5F76C}.Debug|Any CPU.ActiveCfg = Debug|Any CPU
		{5A6FACAD-16C8-4B24-AC85-B58D0BE5F76C}.Debug|Any CPU.Build.0 = Debug|Any CPU
		{5A6FACAD-16C8-4B24-AC85-B58D0BE5F76C}.Release|Any CPU.ActiveCfg = Release|Any CPU
		{5A6FACAD-16C8-4B24-AC85-B58D0BE5F76C}.Release|Any CPU.Build.0 = Release|Any CPU
		{BBFED95C-A8F6-4155-A935-C1C4033AD8C1}.Debug|Any CPU.ActiveCfg = Debug|Any CPU
		{BBFED95C-A8F6-4155-A935-C1C4033AD8C1}.Debug|Any CPU.Build.0 = Debug|Any CPU
		{BBFED95C-A8F6-4155-A935-C1C4033AD8C1}.Release|Any CPU.ActiveCfg = Release|Any CPU
		{BBFED95C-A8F6-4155-A935-C1C4033AD8C1}.Release|Any CPU.Build.0 = Release|Any CPU
		{647D965A-6F09-4A55-8D7E-43B5D029F024}.Debug|Any CPU.ActiveCfg = Debug|Any CPU
		{647D965A-6F09-4A55-8D7E-43B5D029F024}.Debug|Any CPU.Build.0 = Debug|Any CPU
		{647D965A-6F09-4A55-8D7E-43B5D029F024}.Release|Any CPU.ActiveCfg = Release|Any CPU
		{647D965A-6F09-4A55-8D7E-43B5D029F024}.Release|Any CPU.Build.0 = Release|Any CPU
		{2E5FCE29-9D32-4DA4-9DDF-135764EA4095}.Debug|Any CPU.ActiveCfg = Debug|Any CPU
		{2E5FCE29-9D32-4DA4-9DDF-135764EA4095}.Debug|Any CPU.Build.0 = Debug|Any CPU
		{2E5FCE29-9D32-4DA4-9DDF-135764EA4095}.Release|Any CPU.ActiveCfg = Release|Any CPU
		{2E5FCE29-9D32-4DA4-9DDF-135764EA4095}.Release|Any CPU.Build.0 = Release|Any CPU
		{E122080D-8129-4EAA-B0B7-C5E098C96B91}.Debug|Any CPU.ActiveCfg = Debug|Any CPU
		{E122080D-8129-4EAA-B0B7-C5E098C96B91}.Debug|Any CPU.Build.0 = Debug|Any CPU
		{E122080D-8129-4EAA-B0B7-C5E098C96B91}.Release|Any CPU.ActiveCfg = Release|Any CPU
		{E122080D-8129-4EAA-B0B7-C5E098C96B91}.Release|Any CPU.Build.0 = Release|Any CPU
		{9B2C164F-C1C1-4C8B-A08C-24BAC13C2C54}.Debug|Any CPU.ActiveCfg = Debug|Any CPU
		{9B2C164F-C1C1-4C8B-A08C-24BAC13C2C54}.Debug|Any CPU.Build.0 = Debug|Any CPU
		{9B2C164F-C1C1-4C8B-A08C-24BAC13C2C54}.Release|Any CPU.ActiveCfg = Release|Any CPU
		{9B2C164F-C1C1-4C8B-A08C-24BAC13C2C54}.Release|Any CPU.Build.0 = Release|Any CPU
		{93B8B09D-FA6E-4694-9701-2F0AEE0234B3}.Debug|Any CPU.ActiveCfg = Debug|Any CPU
		{93B8B09D-FA6E-4694-9701-2F0AEE0234B3}.Debug|Any CPU.Build.0 = Debug|Any CPU
		{93B8B09D-FA6E-4694-9701-2F0AEE0234B3}.Release|Any CPU.ActiveCfg = Release|Any CPU
		{93B8B09D-FA6E-4694-9701-2F0AEE0234B3}.Release|Any CPU.Build.0 = Release|Any CPU
		{2C4B11CE-27C4-49CD-A639-BE12B6A04E71}.Debug|Any CPU.ActiveCfg = Debug|Any CPU
		{2C4B11CE-27C4-49CD-A639-BE12B6A04E71}.Debug|Any CPU.Build.0 = Debug|Any CPU
		{2C4B11CE-27C4-49CD-A639-BE12B6A04E71}.Release|Any CPU.ActiveCfg = Release|Any CPU
		{2C4B11CE-27C4-49CD-A639-BE12B6A04E71}.Release|Any CPU.Build.0 = Release|Any CPU
		{0DFE1967-07CC-4655-B63C-0DF95FCE201C}.Debug|Any CPU.ActiveCfg = Debug|Any CPU
		{0DFE1967-07CC-4655-B63C-0DF95FCE201C}.Debug|Any CPU.Build.0 = Debug|Any CPU
		{0DFE1967-07CC-4655-B63C-0DF95FCE201C}.Release|Any CPU.ActiveCfg = Release|Any CPU
		{0DFE1967-07CC-4655-B63C-0DF95FCE201C}.Release|Any CPU.Build.0 = Release|Any CPU
		{EA6E5E9B-5CAB-47B0-B320-2E24744CBBCE}.Debug|Any CPU.ActiveCfg = Debug|Any CPU
		{EA6E5E9B-5CAB-47B0-B320-2E24744CBBCE}.Debug|Any CPU.Build.0 = Debug|Any CPU
		{EA6E5E9B-5CAB-47B0-B320-2E24744CBBCE}.Release|Any CPU.ActiveCfg = Release|Any CPU
		{EA6E5E9B-5CAB-47B0-B320-2E24744CBBCE}.Release|Any CPU.Build.0 = Release|Any CPU
		{6A31CAFB-5CBE-4E9E-B9A5-9E67BA43EFFF}.Debug|Any CPU.ActiveCfg = Debug|Any CPU
		{6A31CAFB-5CBE-4E9E-B9A5-9E67BA43EFFF}.Debug|Any CPU.Build.0 = Debug|Any CPU
		{6A31CAFB-5CBE-4E9E-B9A5-9E67BA43EFFF}.Release|Any CPU.ActiveCfg = Release|Any CPU
		{6A31CAFB-5CBE-4E9E-B9A5-9E67BA43EFFF}.Release|Any CPU.Build.0 = Release|Any CPU
		{180AAA5D-EA5D-46B9-B2CC-92CA55E2B6E4}.Debug|Any CPU.ActiveCfg = Debug|Any CPU
		{180AAA5D-EA5D-46B9-B2CC-92CA55E2B6E4}.Debug|Any CPU.Build.0 = Debug|Any CPU
		{180AAA5D-EA5D-46B9-B2CC-92CA55E2B6E4}.Release|Any CPU.ActiveCfg = Release|Any CPU
		{180AAA5D-EA5D-46B9-B2CC-92CA55E2B6E4}.Release|Any CPU.Build.0 = Release|Any CPU
		{610A0576-DC34-4D02-A646-7ADD59776345}.Debug|Any CPU.ActiveCfg = Debug|Any CPU
		{610A0576-DC34-4D02-A646-7ADD59776345}.Debug|Any CPU.Build.0 = Debug|Any CPU
		{610A0576-DC34-4D02-A646-7ADD59776345}.Release|Any CPU.ActiveCfg = Release|Any CPU
		{610A0576-DC34-4D02-A646-7ADD59776345}.Release|Any CPU.Build.0 = Release|Any CPU
		{CCA7DD14-E78B-4221-A7F7-22D3888E66F1}.Debug|Any CPU.ActiveCfg = Debug|Any CPU
		{CCA7DD14-E78B-4221-A7F7-22D3888E66F1}.Debug|Any CPU.Build.0 = Debug|Any CPU
		{CCA7DD14-E78B-4221-A7F7-22D3888E66F1}.Release|Any CPU.ActiveCfg = Release|Any CPU
		{CCA7DD14-E78B-4221-A7F7-22D3888E66F1}.Release|Any CPU.Build.0 = Release|Any CPU
	EndGlobalSection
	GlobalSection(SolutionProperties) = preSolution
		HideSolutionNode = FALSE
	EndGlobalSection
	GlobalSection(ExtensibilityGlobals) = postSolution
		SolutionGuid = {ED48D81F-40F7-485C-8874-090AB98CBEB3}
	EndGlobalSection
EndGlobal
